
Microsoft Visual Studio Solution File, Format Version 12.00
# Visual Studio Version 17
VisualStudioVersion = 17.1.32328.378
MinimumVisualStudioVersion = 10.0.40219.1
Project("{FAE04EC0-301F-11D3-BF4B-00C04F79EFBC}") = "Garage.ConsoleApp", "Garage\Garage.ConsoleApp.csproj", "{E8ADE0B2-BD5E-4CC2-B88D-C4D779FA5AA9}"
EndProject
Project("{2150E333-8FDC-42A3-9474-1A3956D46DE8}") = "SQL", "SQL", "{50FB6B5C-4580-4B6C-AD57-8529CE4B52B3}"
	ProjectSection(SolutionItems) = preProject
		..\..\..\..\..\Downloads\Garage_FULL_DATABASE.sql = ..\..\..\..\..\Downloads\Garage_FULL_DATABASE.sql
	EndProjectSection
EndProject
Project("{FAE04EC0-301F-11D3-BF4B-00C04F79EFBC}") = "Garage.DAO", "Garage.DAO\Garage.DAO.csproj", "{309D06AE-EF7C-4758-BD85-E3386B301265}"
EndProject
Global
	GlobalSection(SolutionConfigurationPlatforms) = preSolution
		Debug|Any CPU = Debug|Any CPU
		Release|Any CPU = Release|Any CPU
	EndGlobalSection
	GlobalSection(ProjectConfigurationPlatforms) = postSolution
		{E8ADE0B2-BD5E-4CC2-B88D-C4D779FA5AA9}.Debug|Any CPU.ActiveCfg = Debug|Any CPU
		{E8ADE0B2-BD5E-4CC2-B88D-C4D779FA5AA9}.Debug|Any CPU.Build.0 = Debug|Any CPU
		{E8ADE0B2-BD5E-4CC2-B88D-C4D779FA5AA9}.Release|Any CPU.ActiveCfg = Release|Any CPU
		{E8ADE0B2-BD5E-4CC2-B88D-C4D779FA5AA9}.Release|Any CPU.Build.0 = Release|Any CPU
		{309D06AE-EF7C-4758-BD85-E3386B301265}.Debug|Any CPU.ActiveCfg = Debug|Any CPU
		{309D06AE-EF7C-4758-BD85-E3386B301265}.Debug|Any CPU.Build.0 = Debug|Any CPU
		{309D06AE-EF7C-4758-BD85-E3386B301265}.Release|Any CPU.ActiveCfg = Release|Any CPU
		{309D06AE-EF7C-4758-BD85-E3386B301265}.Release|Any CPU.Build.0 = Release|Any CPU
	EndGlobalSection
	GlobalSection(SolutionProperties) = preSolution
		HideSolutionNode = FALSE
	EndGlobalSection
	GlobalSection(ExtensibilityGlobals) = postSolution
		SolutionGuid = {88632B29-61A5-4EB4-BD4F-59AD30A33CE0}
	EndGlobalSection
EndGlobal
